
Microsoft Visual Studio Solution File, Format Version 12.00
# Visual Studio Version 16
VisualStudioVersion = 16.0.30523.141
MinimumVisualStudioVersion = 10.0.40219.1
Project("{FAE04EC0-301F-11D3-BF4B-00C04F79EFBC}") = "Zelencuchi", "Zelencuchi\Zelencuchi.csproj", "{781C4D12-9734-4D33-ACCA-E21857BED272}"
EndProject
Global
	GlobalSection(SolutionConfigurationPlatforms) = preSolution
		Debug|Any CPU = Debug|Any CPU
		Release|Any CPU = Release|Any CPU
	EndGlobalSection
	GlobalSection(ProjectConfigurationPlatforms) = postSolution
		{781C4D12-9734-4D33-ACCA-E21857BED272}.Debug|Any CPU.ActiveCfg = Debug|Any CPU
		{781C4D12-9734-4D33-ACCA-E21857BED272}.Debug|Any CPU.Build.0 = Debug|Any CPU
		{781C4D12-9734-4D33-ACCA-E21857BED272}.Release|Any CPU.ActiveCfg = Release|Any CPU
		{781C4D12-9734-4D33-ACCA-E21857BED272}.Release|Any CPU.Build.0 = Release|Any CPU
	EndGlobalSection
	GlobalSection(SolutionProperties) = preSolution
		HideSolutionNode = FALSE
	EndGlobalSection
	GlobalSection(ExtensibilityGlobals) = postSolution
		SolutionGuid = {9CBAC113-DFBC-48F0-9E11-F73B0C073289}
	EndGlobalSection
EndGlobal
